
Microsoft Visual Studio Solution File, Format Version 12.00
Project("{FAE04EC0-301F-11D3-BF4B-00C04F79EFBC}") = "API", "API\API.csproj", "{9D8D9552-A9AC-49C7-8285-A7AED3C6E43F}"
	ProjectSection(ProjectDependencies) = postProject
		{E0A4AA2F-3267-4E96-9880-9C743D2A2E9F} = {E0A4AA2F-3267-4E96-9880-9C743D2A2E9F}
		{F1F5DCA8-46D7-4A12-BC44-F5611616993E} = {F1F5DCA8-46D7-4A12-BC44-F5611616993E}
		{02979ADA-4907-483A-8F7E-4744DD4DCA07} = {02979ADA-4907-483A-8F7E-4744DD4DCA07}
		{3BE9D616-82E8-4CF9-A04B-A0E6819BB0EC} = {3BE9D616-82E8-4CF9-A04B-A0E6819BB0EC}
	EndProjectSection
EndProject
Project("{2150E333-8FDC-42A3-9474-1A3956D46DE8}") = "Solution Items", "Solution Items", "{3F9993DF-6DF2-4C85-941D-46EDBFB46770}"
	ProjectSection(SolutionItems) = preProject
		compose.yaml = compose.yaml
	EndProjectSection
EndProject
Project("{FAE04EC0-301F-11D3-BF4B-00C04F79EFBC}") = "BLL", "BLL\BLL.csproj", "{E0A4AA2F-3267-4E96-9880-9C743D2A2E9F}"
EndProject
Project("{FAE04EC0-301F-11D3-BF4B-00C04F79EFBC}") = "DAL", "DAL\DAL.csproj", "{02979ADA-4907-483A-8F7E-4744DD4DCA07}"
EndProject
Project("{FAE04EC0-301F-11D3-BF4B-00C04F79EFBC}") = "Repository", "Repository\Repository.csproj", "{3BE9D616-82E8-4CF9-A04B-A0E6819BB0EC}"
EndProject
Project("{FAE04EC0-301F-11D3-BF4B-00C04F79EFBC}") = "Common", "Common\Common.csproj", "{F1F5DCA8-46D7-4A12-BC44-F5611616993E}"
EndProject
Project("{FAE04EC0-301F-11D3-BF4B-00C04F79EFBC}") = "DTO", "DTO\DTO.csproj", "{7A204CFF-51E3-48F3-AA97-928153C4B7A3}"
EndProject
Global
	GlobalSection(SolutionConfigurationPlatforms) = preSolution
		Debug|Any CPU = Debug|Any CPU
		Release|Any CPU = Release|Any CPU
	EndGlobalSection
	GlobalSection(ProjectConfigurationPlatforms) = postSolution
		{9D8D9552-A9AC-49C7-8285-A7AED3C6E43F}.Debug|Any CPU.ActiveCfg = Debug|Any CPU
		{9D8D9552-A9AC-49C7-8285-A7AED3C6E43F}.Debug|Any CPU.Build.0 = Debug|Any CPU
		{9D8D9552-A9AC-49C7-8285-A7AED3C6E43F}.Release|Any CPU.ActiveCfg = Release|Any CPU
		{9D8D9552-A9AC-49C7-8285-A7AED3C6E43F}.Release|Any CPU.Build.0 = Release|Any CPU
		{E0A4AA2F-3267-4E96-9880-9C743D2A2E9F}.Debug|Any CPU.ActiveCfg = Debug|Any CPU
		{E0A4AA2F-3267-4E96-9880-9C743D2A2E9F}.Debug|Any CPU.Build.0 = Debug|Any CPU
		{E0A4AA2F-3267-4E96-9880-9C743D2A2E9F}.Release|Any CPU.ActiveCfg = Release|Any CPU
		{E0A4AA2F-3267-4E96-9880-9C743D2A2E9F}.Release|Any CPU.Build.0 = Release|Any CPU
		{02979ADA-4907-483A-8F7E-4744DD4DCA07}.Debug|Any CPU.ActiveCfg = Debug|Any CPU
		{02979ADA-4907-483A-8F7E-4744DD4DCA07}.Debug|Any CPU.Build.0 = Debug|Any CPU
		{02979ADA-4907-483A-8F7E-4744DD4DCA07}.Release|Any CPU.ActiveCfg = Release|Any CPU
		{02979ADA-4907-483A-8F7E-4744DD4DCA07}.Release|Any CPU.Build.0 = Release|Any CPU
		{3BE9D616-82E8-4CF9-A04B-A0E6819BB0EC}.Debug|Any CPU.ActiveCfg = Debug|Any CPU
		{3BE9D616-82E8-4CF9-A04B-A0E6819BB0EC}.Debug|Any CPU.Build.0 = Debug|Any CPU
		{3BE9D616-82E8-4CF9-A04B-A0E6819BB0EC}.Release|Any CPU.ActiveCfg = Release|Any CPU
		{3BE9D616-82E8-4CF9-A04B-A0E6819BB0EC}.Release|Any CPU.Build.0 = Release|Any CPU
		{F1F5DCA8-46D7-4A12-BC44-F5611616993E}.Debug|Any CPU.ActiveCfg = Debug|Any CPU
		{F1F5DCA8-46D7-4A12-BC44-F5611616993E}.Debug|Any CPU.Build.0 = Debug|Any CPU
		{F1F5DCA8-46D7-4A12-BC44-F5611616993E}.Release|Any CPU.ActiveCfg = Release|Any CPU
		{F1F5DCA8-46D7-4A12-BC44-F5611616993E}.Release|Any CPU.Build.0 = Release|Any CPU
		{7A204CFF-51E3-48F3-AA97-928153C4B7A3}.Debug|Any CPU.ActiveCfg = Debug|Any CPU
		{7A204CFF-51E3-48F3-AA97-928153C4B7A3}.Debug|Any CPU.Build.0 = Debug|Any CPU
		{7A204CFF-51E3-48F3-AA97-928153C4B7A3}.Release|Any CPU.ActiveCfg = Release|Any CPU
		{7A204CFF-51E3-48F3-AA97-928153C4B7A3}.Release|Any CPU.Build.0 = Release|Any CPU
	EndGlobalSection
EndGlobal
